{
  "name": "fan-out-js",
  "version": "1.0.0",
  "lockfileVersion": 1,
  "requires": true,
  "dependencies": {
    "better-sqlite3": {
      "version": "4.0.3",
      "resolved": "https://registry.npmjs.org/better-sqlite3/-/better-sqlite3-4.0.3.tgz",
      "integrity": "sha1-4ZaCJ+kYH1fP3kAIfzmaKwGci/A=",
      "requires": {
        "bindings": "1.3.0",
        "integer": "1.0.1",
        "lzz-gyp": "0.4.2",
        "to-descriptor": "1.0.1"
      }
    },
    "bindings": {
      "version": "1.3.0",
      "resolved": "https://registry.npmjs.org/bindings/-/bindings-1.3.0.tgz",
      "integrity": "sha512-DpLh5EzMR2kzvX1KIlVC0VkC3iZtHKTgdtZ0a3pglBZdaQFjt5S9g9xd1lE+YvXyfd6mtCeRnrUfOLYiTMlNSw=="
    },
    "fs-extra": {
      "version": "4.0.3",
      "resolved": "https://registry.npmjs.org/fs-extra/-/fs-extra-4.0.3.tgz",
      "integrity": "sha512-q6rbdDd1o2mAnQreO7YADIxf/Whx4AHBiRf6d+/cVT8h44ss+lHgxf1FemcqDnQt9X3ct4McHr+JMGlYSsK7Cg==",
      "requires": {
        "graceful-fs": "4.1.11",
        "jsonfile": "4.0.0",
        "universalify": "0.1.1"
      }
    },
    "graceful-fs": {
      "version": "4.1.11",
      "resolved": "https://registry.npmjs.org/graceful-fs/-/graceful-fs-4.1.11.tgz",
      "integrity": "sha1-Dovf5NHduIVNZOBOp8AOKgJuVlg="
    },
    "integer": {
      "version": "1.0.1",
      "resolved": "https://registry.npmjs.org/integer/-/integer-1.0.1.tgz",
      "integrity": "sha1-Qey125kxwaBpco9HZPjX7u4Cskk=",
      "requires": {
        "bindings": "1.3.0"
      }
    },
    "jsonfile": {
      "version": "4.0.0",
      "resolved": "https://registry.npmjs.org/jsonfile/-/jsonfile-4.0.0.tgz",
      "integrity": "sha1-h3Gq4HmbZAdrdmQPygWPnBDjPss=",
      "requires": {
        "graceful-fs": "4.1.11"
      }
    },
    "lzz-gyp": {
      "version": "0.4.2",
      "resolved": "https://registry.npmjs.org/lzz-gyp/-/lzz-gyp-0.4.2.tgz",
      "integrity": "sha1-SVxEA0ofUMSKYPDvnCjUJ2Olspc="
    },
    "to-descriptor": {
      "version": "1.0.1",
      "resolved": "https://registry.npmjs.org/to-descriptor/-/to-descriptor-1.0.1.tgz",
      "integrity": "sha1-oOZ4w068fS2uRk2DcrwhR52cK80="
    },
    "universalify": {
      "version": "0.1.1",
      "resolved": "https://registry.npmjs.org/universalify/-/universalify-0.1.1.tgz",
      "integrity": "sha1-+nG63UQ3r0wUiEHjs7Fl+enlkLc="
    },
    "zlib": {
      "version": "1.0.5",
      "resolved": "https://registry.npmjs.org/zlib/-/zlib-1.0.5.tgz",
      "integrity": "sha1-bnyXL8NxxkWmr7A6sUdp3vEU/MA="
    }
  }
}
